
Microsoft Visual Studio Solution File, Format Version 12.00
# Visual Studio Version 17
VisualStudioVersion = 17.8.34330.188
MinimumVisualStudioVersion = 10.0.40219.1
Project("{FAE04EC0-301F-11D3-BF4B-00C04F79EFBC}") = "CleverensSoft_Threading", "CleverensSoft_Threading\CleverensSoft_Threading.csproj", "{58F25318-9927-4181-A489-3B65213BB4E0}"
EndProject
Global
	GlobalSection(SolutionConfigurationPlatforms) = preSolution
		Debug|Any CPU = Debug|Any CPU
		Release|Any CPU = Release|Any CPU
	EndGlobalSection
	GlobalSection(ProjectConfigurationPlatforms) = postSolution
		{58F25318-9927-4181-A489-3B65213BB4E0}.Debug|Any CPU.ActiveCfg = Debug|Any CPU
		{58F25318-9927-4181-A489-3B65213BB4E0}.Debug|Any CPU.Build.0 = Debug|Any CPU
		{58F25318-9927-4181-A489-3B65213BB4E0}.Release|Any CPU.ActiveCfg = Release|Any CPU
		{58F25318-9927-4181-A489-3B65213BB4E0}.Release|Any CPU.Build.0 = Release|Any CPU
	EndGlobalSection
	GlobalSection(SolutionProperties) = preSolution
		HideSolutionNode = FALSE
	EndGlobalSection
	GlobalSection(ExtensibilityGlobals) = postSolution
		SolutionGuid = {B7499457-82C5-45DC-91DA-433FC1A83BA2}
	EndGlobalSection
EndGlobal
